
Microsoft Visual Studio Solution File, Format Version 12.00
# Visual Studio Version 17
VisualStudioVersion = 17.3.32901.215
MinimumVisualStudioVersion = 10.0.40219.1
Project("{FAE04EC0-301F-11D3-BF4B-00C04F79EFBC}") = "String", "String\String.csproj", "{D3D9AB57-3DEA-4959-9EFA-A7991272FB22}"
EndProject
Global
	GlobalSection(SolutionConfigurationPlatforms) = preSolution
		Debug|Any CPU = Debug|Any CPU
		Release|Any CPU = Release|Any CPU
	EndGlobalSection
	GlobalSection(ProjectConfigurationPlatforms) = postSolution
		{D3D9AB57-3DEA-4959-9EFA-A7991272FB22}.Debug|Any CPU.ActiveCfg = Debug|Any CPU
		{D3D9AB57-3DEA-4959-9EFA-A7991272FB22}.Debug|Any CPU.Build.0 = Debug|Any CPU
		{D3D9AB57-3DEA-4959-9EFA-A7991272FB22}.Release|Any CPU.ActiveCfg = Release|Any CPU
		{D3D9AB57-3DEA-4959-9EFA-A7991272FB22}.Release|Any CPU.Build.0 = Release|Any CPU
	EndGlobalSection
	GlobalSection(SolutionProperties) = preSolution
		HideSolutionNode = FALSE
	EndGlobalSection
	GlobalSection(ExtensibilityGlobals) = postSolution
		SolutionGuid = {B830846A-DD23-462E-9324-5086D7649B2F}
	EndGlobalSection
EndGlobal
